
Microsoft Visual Studio Solution File, Format Version 12.00
# Visual Studio 15
VisualStudioVersion = 15.0.27703.2000
MinimumVisualStudioVersion = 10.0.40219.1
Project("{9A19103F-16F7-4668-BE54-9A1E7A4F7556}") = "CleanCode_Lab1_Testning", "CleanCode_Lab1_Testning\CleanCode_Lab1_Testning.csproj", "{C17EE66F-981E-4B03-9685-4B724B620FBD}"
EndProject
Project("{9A19103F-16F7-4668-BE54-9A1E7A4F7556}") = "XUnitTestProject1", "XUnitTestProject1\XUnitTestProject1.csproj", "{CA4ABDD1-661C-4334-B1D9-31BAC0420E69}"
	ProjectSection(ProjectDependencies) = postProject
		{C17EE66F-981E-4B03-9685-4B724B620FBD} = {C17EE66F-981E-4B03-9685-4B724B620FBD}
	EndProjectSection
EndProject
Global
	GlobalSection(SolutionConfigurationPlatforms) = preSolution
		Debug|Any CPU = Debug|Any CPU
		Release|Any CPU = Release|Any CPU
	EndGlobalSection
	GlobalSection(ProjectConfigurationPlatforms) = postSolution
		{C17EE66F-981E-4B03-9685-4B724B620FBD}.Debug|Any CPU.ActiveCfg = Debug|Any CPU
		{C17EE66F-981E-4B03-9685-4B724B620FBD}.Debug|Any CPU.Build.0 = Debug|Any CPU
		{C17EE66F-981E-4B03-9685-4B724B620FBD}.Release|Any CPU.ActiveCfg = Release|Any CPU
		{C17EE66F-981E-4B03-9685-4B724B620FBD}.Release|Any CPU.Build.0 = Release|Any CPU
		{CA4ABDD1-661C-4334-B1D9-31BAC0420E69}.Debug|Any CPU.ActiveCfg = Debug|Any CPU
		{CA4ABDD1-661C-4334-B1D9-31BAC0420E69}.Debug|Any CPU.Build.0 = Debug|Any CPU
		{CA4ABDD1-661C-4334-B1D9-31BAC0420E69}.Release|Any CPU.ActiveCfg = Release|Any CPU
		{CA4ABDD1-661C-4334-B1D9-31BAC0420E69}.Release|Any CPU.Build.0 = Release|Any CPU
	EndGlobalSection
	GlobalSection(SolutionProperties) = preSolution
		HideSolutionNode = FALSE
	EndGlobalSection
	GlobalSection(ExtensibilityGlobals) = postSolution
		SolutionGuid = {223FE419-B058-4BA2-AF0D-2FBAA2502AB0}
	EndGlobalSection
EndGlobal
